
Microsoft Visual Studio Solution File, Format Version 12.00
# Visual Studio Version 17
VisualStudioVersion = 17.7.34024.191
MinimumVisualStudioVersion = 10.0.40219.1
Project("{FAE04EC0-301F-11D3-BF4B-00C04F79EFBC}") = "Calculator", "Calculator\Calculator.csproj", "{198B57D3-7767-4B22-9F90-27FCFECD0DD9}"
EndProject
Global
	GlobalSection(SolutionConfigurationPlatforms) = preSolution
		Debug|Any CPU = Debug|Any CPU
		Release|Any CPU = Release|Any CPU
	EndGlobalSection
	GlobalSection(ProjectConfigurationPlatforms) = postSolution
		{198B57D3-7767-4B22-9F90-27FCFECD0DD9}.Debug|Any CPU.ActiveCfg = Debug|Any CPU
		{198B57D3-7767-4B22-9F90-27FCFECD0DD9}.Debug|Any CPU.Build.0 = Debug|Any CPU
		{198B57D3-7767-4B22-9F90-27FCFECD0DD9}.Release|Any CPU.ActiveCfg = Release|Any CPU
		{198B57D3-7767-4B22-9F90-27FCFECD0DD9}.Release|Any CPU.Build.0 = Release|Any CPU
	EndGlobalSection
	GlobalSection(SolutionProperties) = preSolution
		HideSolutionNode = FALSE
	EndGlobalSection
	GlobalSection(ExtensibilityGlobals) = postSolution
		SolutionGuid = {D1E881D8-36EB-4A8C-BAAC-BC03B1999D60}
	EndGlobalSection
EndGlobal
