
Microsoft Visual Studio Solution File, Format Version 12.00
# Visual Studio Version 17
VisualStudioVersion = 17.7.34024.191
MinimumVisualStudioVersion = 10.0.40219.1
Project("{FAE04EC0-301F-11D3-BF4B-00C04F79EFBC}") = "ComplexNumbers", "ComplexNumbers\ComplexNumbers.csproj", "{484AE60D-C896-4E01-A107-F789A2859EE0}"
EndProject
Global
	GlobalSection(SolutionConfigurationPlatforms) = preSolution
		Debug|Any CPU = Debug|Any CPU
		Release|Any CPU = Release|Any CPU
	EndGlobalSection
	GlobalSection(ProjectConfigurationPlatforms) = postSolution
		{484AE60D-C896-4E01-A107-F789A2859EE0}.Debug|Any CPU.ActiveCfg = Debug|Any CPU
		{484AE60D-C896-4E01-A107-F789A2859EE0}.Debug|Any CPU.Build.0 = Debug|Any CPU
		{484AE60D-C896-4E01-A107-F789A2859EE0}.Release|Any CPU.ActiveCfg = Release|Any CPU
		{484AE60D-C896-4E01-A107-F789A2859EE0}.Release|Any CPU.Build.0 = Release|Any CPU
	EndGlobalSection
	GlobalSection(SolutionProperties) = preSolution
		HideSolutionNode = FALSE
	EndGlobalSection
	GlobalSection(ExtensibilityGlobals) = postSolution
		SolutionGuid = {3D3CD5F4-F19E-46F4-A613-85A1F62DEE5F}
	EndGlobalSection
EndGlobal
